
Microsoft Visual Studio Solution File, Format Version 12.00
# Visual Studio Version 17
VisualStudioVersion = 17.1.32210.238
MinimumVisualStudioVersion = 10.0.40219.1
Project("{FAE04EC0-301F-11D3-BF4B-00C04F79EFBC}") = "Special_Character", "Special_Character\Special_Character.csproj", "{59E48E9F-5F8C-477F-BDDF-3BBCE677F250}"
EndProject
Global
	GlobalSection(SolutionConfigurationPlatforms) = preSolution
		Debug|Any CPU = Debug|Any CPU
		Release|Any CPU = Release|Any CPU
	EndGlobalSection
	GlobalSection(ProjectConfigurationPlatforms) = postSolution
		{59E48E9F-5F8C-477F-BDDF-3BBCE677F250}.Debug|Any CPU.ActiveCfg = Debug|Any CPU
		{59E48E9F-5F8C-477F-BDDF-3BBCE677F250}.Debug|Any CPU.Build.0 = Debug|Any CPU
		{59E48E9F-5F8C-477F-BDDF-3BBCE677F250}.Release|Any CPU.ActiveCfg = Release|Any CPU
		{59E48E9F-5F8C-477F-BDDF-3BBCE677F250}.Release|Any CPU.Build.0 = Release|Any CPU
	EndGlobalSection
	GlobalSection(SolutionProperties) = preSolution
		HideSolutionNode = FALSE
	EndGlobalSection
	GlobalSection(ExtensibilityGlobals) = postSolution
		SolutionGuid = {C5838061-1847-4E3D-BABD-E2D9FF55B3A1}
	EndGlobalSection
EndGlobal
